
Microsoft Visual Studio Solution File, Format Version 12.00
# Visual Studio Version 17
VisualStudioVersion = 17.8.34330.188
MinimumVisualStudioVersion = 10.0.40219.1
Project("{FAE04EC0-301F-11D3-BF4B-00C04F79EFBC}") = "TeaStoreApp", "TeaStoreApp.csproj", "{8B5B1244-AB7A-4EC0-BB7E-1A6244F203CB}"
EndProject
Global
	GlobalSection(SolutionConfigurationPlatforms) = preSolution
		Debug|Any CPU = Debug|Any CPU
		Release|Any CPU = Release|Any CPU
	EndGlobalSection
	GlobalSection(ProjectConfigurationPlatforms) = postSolution
		{8B5B1244-AB7A-4EC0-BB7E-1A6244F203CB}.Debug|Any CPU.ActiveCfg = Debug|Any CPU
		{8B5B1244-AB7A-4EC0-BB7E-1A6244F203CB}.Debug|Any CPU.Build.0 = Debug|Any CPU
		{8B5B1244-AB7A-4EC0-BB7E-1A6244F203CB}.Debug|Any CPU.Deploy.0 = Debug|Any CPU
		{8B5B1244-AB7A-4EC0-BB7E-1A6244F203CB}.Release|Any CPU.ActiveCfg = Release|Any CPU
		{8B5B1244-AB7A-4EC0-BB7E-1A6244F203CB}.Release|Any CPU.Build.0 = Release|Any CPU
		{8B5B1244-AB7A-4EC0-BB7E-1A6244F203CB}.Release|Any CPU.Deploy.0 = Release|Any CPU
	EndGlobalSection
	GlobalSection(SolutionProperties) = preSolution
		HideSolutionNode = FALSE
	EndGlobalSection
	GlobalSection(ExtensibilityGlobals) = postSolution
		SolutionGuid = {6FA92B40-E14D-4235-A56B-332E2AB15D51}
	EndGlobalSection
EndGlobal
